Microsoft Visual Studio Solution File, Format Version 12.00
# Visual Studio 2012
Project("{FAE04EC0-301F-11D3-BF4B-00C04F79EFBC}") = "VkWar", "VkWar.csproj", "{4C2299D8-3377-4583-B2F6-DC00D09AF938}"
EndProject
Global
	GlobalSection(SolutionConfigurationPlatforms) = preSolution
	Debug|Any CPU = Debug|Any CPU
	ExportDebug|Any CPU = ExportDebug|Any CPU
	ExportRelease|Any CPU = ExportRelease|Any CPU
	EndGlobalSection
	GlobalSection(ProjectConfigurationPlatforms) = postSolution
		{4C2299D8-3377-4583-B2F6-DC00D09AF938}.Debug|Any CPU.ActiveCfg = Debug|Any CPU
		{4C2299D8-3377-4583-B2F6-DC00D09AF938}.Debug|Any CPU.Build.0 = Debug|Any CPU
		{4C2299D8-3377-4583-B2F6-DC00D09AF938}.ExportDebug|Any CPU.ActiveCfg = ExportDebug|Any CPU
		{4C2299D8-3377-4583-B2F6-DC00D09AF938}.ExportDebug|Any CPU.Build.0 = ExportDebug|Any CPU
		{4C2299D8-3377-4583-B2F6-DC00D09AF938}.ExportRelease|Any CPU.ActiveCfg = ExportRelease|Any CPU
		{4C2299D8-3377-4583-B2F6-DC00D09AF938}.ExportRelease|Any CPU.Build.0 = ExportRelease|Any CPU
	EndGlobalSection
EndGlobal
